Microsoft Visual Studio Solution File, Format Version 12.00
# Visual Studio Version 17
VisualStudioVersion = 17.5.2.0
MinimumVisualStudioVersion = 10.0.40219.1
Project("{FAE04EC0-301F-11D3-BF4B-00C04F79EFBC}") = "backend-teste", "backend-teste.csproj", "{5D18CF37-689E-5C42-914A-FF117A82BD61}"
EndProject
Global
	GlobalSection(SolutionConfigurationPlatforms) = preSolution
		Debug|Any CPU = Debug|Any CPU
		Release|Any CPU = Release|Any CPU
	EndGlobalSection
	GlobalSection(ProjectConfigurationPlatforms) = postSolution
		{5D18CF37-689E-5C42-914A-FF117A82BD61}.Debug|Any CPU.ActiveCfg = Debug|Any CPU
		{5D18CF37-689E-5C42-914A-FF117A82BD61}.Debug|Any CPU.Build.0 = Debug|Any CPU
		{5D18CF37-689E-5C42-914A-FF117A82BD61}.Release|Any CPU.ActiveCfg = Release|Any CPU
		{5D18CF37-689E-5C42-914A-FF117A82BD61}.Release|Any CPU.Build.0 = Release|Any CPU
	EndGlobalSection
	GlobalSection(SolutionProperties) = preSolution
		HideSolutionNode = FALSE
	EndGlobalSection
	GlobalSection(ExtensibilityGlobals) = postSolution
		SolutionGuid = {0B9EC067-8DAF-47B9-AB6F-054BA319F757}
	EndGlobalSection
EndGlobal
